<?xml version="1.0" encoding="UTF-8" standalone="yes" ?>
<CodeBlocks_project_file>
	<FileVersion major="1" minor="6" />
	<Project>
		<Option title="szynka_v2.1" />
		<Option pch_mode="2" />
		<Option compiler="gcc" />
		<Build>
			<Target title="Debug">
				<Option output="bin\Debug\szynka_v2.1" prefix_auto="1" extension_auto="1" />
				<Option object_output="obj\Debug\" />
				<Option type="1" />
				<Option compiler="gcc" />
				<Compiler>
					<Add option="-g" />
				</Compiler>
			</Target>
			<Target title="Release">
				<Option output="bin\Release\szynka_v2.1" prefix_auto="1" extension_auto="1" />
				<Option object_output="obj\Release\" />
				<Option type="1" />
				<Option compiler="gcc" />
				<Compiler>
					<Add option="-O2" />
				</Compiler>
				<Linker>
					<Add option="-s" />
				</Linker>
			</Target>
		</Build>
		<Compiler>
			<Add option="-Wall" />
		</Compiler>
		<Unit filename="bus.c">
			<Option compilerVar="CC" />
		</Unit>
		<Unit filename="bus.h" />
		<Unit filename="crc.cpp" />
		<Unit filename="crc.h" />
		<Unit filename="frame.c">
			<Option compilerVar="CC" />
		</Unit>
		<Unit filename="frame.h" />
		<Unit filename="glo.h" />
		<Unit filename="libser.c">
			<Option compilerVar="CC" />
		</Unit>
		<Unit filename="libser.h" />
		<Unit filename="master.c">
			<Option compilerVar="CC" />
		</Unit>
		<Unit filename="reader.c">
			<Option compilerVar="CC" />
		</Unit>
		<Unit filename="reader.h" />
		<Unit filename="slave.c">
			<Option compilerVar="CC" />
		</Unit>
		<Unit filename="writer.c">
			<Option compilerVar="CC" />
		</Unit>
		<Unit filename="writer.h" />
		<Extensions>
			<code_completion />
			<debugger />
		</Extensions>
	</Project>
</CodeBlocks_project_file>
